{
    "_readme": [
        "This file locks the dependencies of your project to a known state",
        "Read more about it at https://getcomposer.org/doc/01-basic-usage.md#composer-lock-the-lock-file",
        "This file is @generated automatically"
    ],
    "hash": "e4f4f56551b2db5288b3f020874efbe7",
    "content-hash": "c76127d0726e1877b02df2c0b196528f",
    "packages": [
        {
            "name": "altorouter/altorouter",
            "version": "v1.1.0",
            "source": {
                "type": "git",
                "url": "https://github.com/dannyvankooten/AltoRouter.git",
                "reference": "09d9d946c546bae6d22a7654cdb3b825ffda54b4"
            },
            "dist": {
                "type": "zip",
                "url": "https://api.github.com/repos/dannyvankooten/AltoRouter/zipball/09d9d946c546bae6d22a7654cdb3b825ffda54b4",
                "reference": "09d9d946c546bae6d22a7654cdb3b825ffda54b4",
                "shasum": ""
            },
            "require": {
                "php": ">=5.3.0"
            },
            "type": "library",
            "autoload": {
                "classmap": [
                    "AltoRouter.php"
                ]
            },
            "notification-url": "https://packagist.org/downloads/",
            "license": [
                "MIT"
            ],
            "authors": [
                {
                    "name": "Danny van Kooten",
                    "email": "dannyvankooten@gmail.com",
                    "homepage": "http://dannyvankooten.com/"
                },
                {
                    "name": "Koen Punt",
                    "homepage": "https://github.com/koenpunt"
                },
                {
                    "name": "niahoo",
                    "homepage": "https://github.com/niahoo"
                }
            ],
            "description": "A lightning fast router for PHP",
            "homepage": "https://github.com/dannyvankooten/AltoRouter",
            "keywords": [
                "lightweight",
                "router",
                "routing"
            ],
            "time": "2014-04-16 09:44:40"
        },
        {
            "name": "asm89/twig-cache-extension",
            "version": "1.1.0",
            "source": {
                "type": "git",
                "url": "https://github.com/asm89/twig-cache-extension.git",
                "reference": "127410728db193a88254c399e3455274fc05fa5d"
            },
            "dist": {
                "type": "zip",
                "url": "https://api.github.com/repos/asm89/twig-cache-extension/zipball/127410728db193a88254c399e3455274fc05fa5d",
                "reference": "127410728db193a88254c399e3455274fc05fa5d",
                "shasum": ""
            },
            "require": {
                "php": ">=5.3.2",
                "twig/twig": "~1.0"
            },
            "require-dev": {
                "doctrine/cache": "~1.0"
            },
            "type": "library",
            "extra": {
                "branch-alias": {
                    "dev-master": "1.0-dev"
                }
            },
            "autoload": {
                "psr-4": {
                    "": "lib/"
                }
            },
            "notification-url": "https://packagist.org/downloads/",
            "license": [
                "MIT"
            ],
            "authors": [
                {
                    "name": "Alexander",
                    "email": "iam.asm89@gmail.com"
                }
            ],
            "description": "Cache fragments of templates directly within Twig.",
            "homepage": "https://github.com/asm89/twig-cache-extension",
            "keywords": [
                "cache",
                "extension",
                "twig"
            ],
            "time": "2015-10-17 11:55:02"
        },
        {
            "name": "composer/installers",
            "version": "v1.0.22",
            "source": {
                "type": "git",
                "url": "https://github.com/composer/installers.git",
                "reference": "bd9b14f094c89c8b5804a4e41edeb7853bb85046"
            },
            "dist": {
                "type": "zip",
                "url": "https://api.github.com/repos/composer/installers/zipball/bd9b14f094c89c8b5804a4e41edeb7853bb85046",
                "reference": "bd9b14f094c89c8b5804a4e41edeb7853bb85046",
                "shasum": ""
            },
            "require": {
                "composer-plugin-api": "1.0.0"
            },
            "replace": {
                "roundcube/plugin-installer": "*",
                "shama/baton": "*"
            },
            "require-dev": {
                "composer/composer": "1.0.*@dev",
                "phpunit/phpunit": "4.1.*"
            },
            "type": "composer-plugin",
            "extra": {
                "class": "Composer\\Installers\\Plugin",
                "branch-alias": {
                    "dev-master": "1.0-dev"
                }
            },
            "autoload": {
                "psr-0": {
                    "Composer\\Installers\\": "src/"
                }
            },
            "notification-url": "https://packagist.org/downloads/",
            "license": [
                "MIT"
            ],
            "authors": [
                {
                    "name": "Kyle Robinson Young",
                    "email": "kyle@dontkry.com",
                    "homepage": "https://github.com/shama"
                }
            ],
            "description": "A multi-framework Composer library installer",
            "homepage": "http://composer.github.com/installers/",
            "keywords": [
                "Craft",
                "Dolibarr",
                "Hurad",
                "MODX Evo",
                "OXID",
                "SMF",
                "Thelia",
                "WolfCMS",
                "agl",
                "aimeos",
                "annotatecms",
                "bitrix",
                "cakephp",
                "chef",
                "codeigniter",
                "concrete5",
                "croogo",
                "dokuwiki",
                "drupal",
                "elgg",
                "fuelphp",
                "grav",
                "installer",
                "joomla",
                "kohana",
                "laravel",
                "lithium",
                "magento",
                "mako",
                "mediawiki",
                "modulework",
                "moodle",
                "phpbb",
                "piwik",
                "ppi",
                "puppet",
                "roundcube",
                "shopware",
                "silverstripe",
                "symfony",
                "typo3",
                "wordpress",
                "zend",
                "zikula"
            ],
            "time": "2015-10-29 23:28:48"
        },
        {
            "name": "jarednova/timber",
            "version": "0.21.10",
            "source": {
                "type": "git",
                "url": "https://github.com/jarednova/timber.git",
                "reference": "301950c008cb4c191f954148ba7306a0a352ccb1"
            },
            "dist": {
                "type": "zip",
                "url": "https://api.github.com/repos/jarednova/timber/zipball/301950c008cb4c191f954148ba7306a0a352ccb1",
                "reference": "301950c008cb4c191f954148ba7306a0a352ccb1",
                "shasum": ""
            },
            "require": {
                "asm89/twig-cache-extension": "~1.0",
                "composer/installers": "~1.0",
                "php": ">=5.3.0",
                "twig/twig": "1.*",
                "upstatement/routes": "0.3"
            },
            "require-dev": {
                "jarednova/markdowndocs": "dev-master",
                "phpdocumentor/phpdocumentor": "2.*",
                "phpunit/phpunit": "~4.0",
                "satooshi/php-coveralls": "dev-master",
                "wp-cli/wp-cli": "*",
                "wpackagist-plugin/advanced-custom-fields": "4.*"
            },
            "type": "wordpress-plugin",
            "autoload": {
                "classmap": [
                    "lib/"
                ]
            },
            "notification-url": "https://packagist.org/downloads/",
            "license": [
                "MIT"
            ],
            "authors": [
                {
                    "name": "Jared Novack",
                    "email": "jared@upstatement.com",
                    "homepage": "http://upstatement.com"
                }
            ],
            "description": "Plugin to write WordPress themes w Object-Oriented Code and the Twig Template Engine",
            "homepage": "http://timber.upstatement.com",
            "keywords": [
                "templating",
                "themes",
                "timber",
                "twig"
            ],
            "time": "2015-09-16 20:47:15"
        },
        {
            "name": "johnpbloch/wordpress",
            "version": "4.4",
            "source": {
                "type": "git",
                "url": "https://github.com/johnpbloch/wordpress.git",
                "reference": "ad70e5cf518b697eed94f558ca6c88e5cc87e65b"
            },
            "dist": {
                "type": "zip",
                "url": "https://api.github.com/repos/johnpbloch/wordpress/zipball/ad70e5cf518b697eed94f558ca6c88e5cc87e65b",
                "reference": "ad70e5cf518b697eed94f558ca6c88e5cc87e65b",
                "shasum": ""
            },
            "require": {
                "johnpbloch/wordpress-core-installer": "~0.2",
                "php": ">=5.3.2"
            },
            "type": "wordpress-core",
            "notification-url": "https://packagist.org/downloads/",
            "license": [
                "GPL-2.0+"
            ],
            "authors": [
                {
                    "name": "WordPress Community",
                    "homepage": "http://wordpress.org/about/"
                }
            ],
            "description": "WordPress is web software you can use to create a beautiful website or blog.",
            "homepage": "http://wordpress.org/",
            "keywords": [
                "blog",
                "cms"
            ],
            "time": "2015-12-08 23:46:14"
        },
        {
            "name": "johnpbloch/wordpress-core-installer",
            "version": "0.2.1",
            "source": {
                "type": "git",
                "url": "https://github.com/johnpbloch/wordpress-core-installer.git",
                "reference": "a04c2c383ef13aae077f36799ed2eafdebd618d2"
            },
            "dist": {
                "type": "zip",
                "url": "https://api.github.com/repos/johnpbloch/wordpress-core-installer/zipball/a04c2c383ef13aae077f36799ed2eafdebd618d2",
                "reference": "a04c2c383ef13aae077f36799ed2eafdebd618d2",
                "shasum": ""
            },
            "require": {
                "composer-plugin-api": "^1.0"
            },
            "conflict": {
                "composer/installers": "<1.0.6"
            },
            "require-dev": {
                "composer/composer": "1.0.*@dev"
            },
            "type": "composer-plugin",
            "extra": {
                "class": "johnpbloch\\Composer\\WordPressCorePlugin"
            },
            "autoload": {
                "psr-0": {
                    "johnpbloch\\Composer\\": "src/"
                }
            },
            "notification-url": "https://packagist.org/downloads/",
            "license": [
                "GPL-2.0+"
            ],
            "authors": [
                {
                    "name": "John P. Bloch",
                    "email": "me@johnpbloch.com"
                }
            ],
            "description": "A custom installer to handle deploying WordPress with composer",
            "keywords": [
                "wordpress"
            ],
            "time": "2015-06-11 15:15:30"
        },
        {
            "name": "twig/twig",
            "version": "v1.23.1",
            "source": {
                "type": "git",
                "url": "https://github.com/twigphp/Twig.git",
                "reference": "d9b6333ae8dd2c8e3fd256e127548def0bc614c6"
            },
            "dist": {
                "type": "zip",
                "url": "https://api.github.com/repos/twigphp/Twig/zipball/d9b6333ae8dd2c8e3fd256e127548def0bc614c6",
                "reference": "d9b6333ae8dd2c8e3fd256e127548def0bc614c6",
                "shasum": ""
            },
            "require": {
                "php": ">=5.2.7"
            },
            "require-dev": {
                "symfony/debug": "~2.7",
                "symfony/phpunit-bridge": "~2.7"
            },
            "type": "library",
            "extra": {
                "branch-alias": {
                    "dev-master": "1.23-dev"
                }
            },
            "autoload": {
                "psr-0": {
                    "Twig_": "lib/"
                }
            },
            "notification-url": "https://packagist.org/downloads/",
            "license": [
                "BSD-3-Clause"
            ],
            "authors": [
                {
                    "name": "Fabien Potencier",
                    "email": "fabien@symfony.com",
                    "homepage": "http://fabien.potencier.org",
                    "role": "Lead Developer"
                },
                {
                    "name": "Armin Ronacher",
                    "email": "armin.ronacher@active-4.com",
                    "role": "Project Founder"
                },
                {
                    "name": "Twig Team",
                    "homepage": "http://twig.sensiolabs.org/contributors",
                    "role": "Contributors"
                }
            ],
            "description": "Twig, the flexible, fast, and secure template language for PHP",
            "homepage": "http://twig.sensiolabs.org",
            "keywords": [
                "templating"
            ],
            "time": "2015-11-05 12:49:06"
        },
        {
            "name": "upstatement/routes",
            "version": "0.3",
            "source": {
                "type": "git",
                "url": "https://github.com/Upstatement/routes.git",
                "reference": "40d003b69c0f5c52fb4b15e5d1fa4d5c522c9475"
            },
            "dist": {
                "type": "zip",
                "url": "https://api.github.com/repos/Upstatement/routes/zipball/40d003b69c0f5c52fb4b15e5d1fa4d5c522c9475",
                "reference": "40d003b69c0f5c52fb4b15e5d1fa4d5c522c9475",
                "shasum": ""
            },
            "require": {
                "altorouter/altorouter": "1.1.0",
                "composer/installers": "~1.0",
                "php": ">=5.3.0"
            },
            "require-dev": {
                "phpunit/phpunit": "3.7.*",
                "satooshi/php-coveralls": "dev-master",
                "wp-cli/wp-cli": "*"
            },
            "type": "library",
            "autoload": {
                "psr-0": {
                    "Routes": ""
                }
            },
            "notification-url": "https://packagist.org/downloads/",
            "license": [
                "MIT"
            ],
            "authors": [
                {
                    "name": "Jared Novack",
                    "email": "jared@upstatement.com",
                    "homepage": "http://upstatement.com"
                }
            ],
            "description": "Manage rewrites and routes in WordPress with this dead-simple plugin",
            "homepage": "http://routes.upstatement.com",
            "keywords": [
                "redirects",
                "rewrite",
                "routes",
                "routing"
            ],
            "time": "2015-03-07 13:41:29"
        },
        {
            "name": "vlucas/phpdotenv",
            "version": "v2.1.0",
            "source": {
                "type": "git",
                "url": "https://github.com/vlucas/phpdotenv.git",
                "reference": "c10040e0df17d2ee88e9212b50cbe9319e878f59"
            },
            "dist": {
                "type": "zip",
                "url": "https://api.github.com/repos/vlucas/phpdotenv/zipball/c10040e0df17d2ee88e9212b50cbe9319e878f59",
                "reference": "c10040e0df17d2ee88e9212b50cbe9319e878f59",
                "shasum": ""
            },
            "require": {
                "php": ">=5.3.9"
            },
            "require-dev": {
                "phpunit/phpunit": "~4.0"
            },
            "type": "library",
            "extra": {
                "branch-alias": {
                    "dev-master": "2.1-dev"
                }
            },
            "autoload": {
                "psr-4": {
                    "Dotenv\\": "src/"
                }
            },
            "notification-url": "https://packagist.org/downloads/",
            "license": [
                "BSD"
            ],
            "authors": [
                {
                    "name": "Vance Lucas",
                    "email": "vance@vancelucas.com",
                    "homepage": "http://www.vancelucas.com"
                }
            ],
            "description": "Loads environment variables from `.env` to `getenv()`, `$_ENV` and `$_SERVER` automagically.",
            "homepage": "http://github.com/vlucas/phpdotenv",
            "keywords": [
                "dotenv",
                "env",
                "environment"
            ],
            "time": "2015-10-28 18:53:35"
        },
        {
            "name": "wpackagist-plugin/bbpress",
            "version": "2.5.8",
            "source": {
                "type": "svn",
                "url": "http://plugins.svn.wordpress.org/bbpress/",
                "reference": "tags/2.5.8"
            },
            "dist": {
                "type": "zip",
                "url": "https://downloads.wordpress.org/plugin/bbpress.2.5.8.zip",
                "reference": null,
                "shasum": null
            },
            "require": {
                "composer/installers": "~1.0"
            },
            "type": "wordpress-plugin",
            "homepage": "https://wordpress.org/plugins/bbpress/"
        },
        {
            "name": "wpackagist-plugin/bbpress-pencil-unread",
            "version": "1.0.9",
            "source": {
                "type": "svn",
                "url": "http://plugins.svn.wordpress.org/bbpress-pencil-unread/",
                "reference": "trunk"
            },
            "dist": {
                "type": "zip",
                "url": "https://downloads.wordpress.org/plugin/bbpress-pencil-unread.zip",
                "reference": null,
                "shasum": null
            },
            "require": {
                "composer/installers": "~1.0"
            },
            "type": "wordpress-plugin",
            "homepage": "https://wordpress.org/plugins/bbpress-pencil-unread/"
        },
        {
            "name": "wpackagist-plugin/google-calendar-events",
            "version": "3.0.8",
            "source": {
                "type": "svn",
                "url": "http://plugins.svn.wordpress.org/google-calendar-events/",
                "reference": "tags/3.0.8"
            },
            "dist": {
                "type": "zip",
                "url": "https://downloads.wordpress.org/plugin/google-calendar-events.3.0.8.zip",
                "reference": null,
                "shasum": null
            },
            "require": {
                "composer/installers": "~1.0"
            },
            "type": "wordpress-plugin",
            "homepage": "https://wordpress.org/plugins/google-calendar-events/"
        }
    ],
    "packages-dev": [],
    "aliases": [],
    "minimum-stability": "stable",
    "stability-flags": [],
    "prefer-stable": false,
    "prefer-lowest": false,
    "platform": {
        "php": ">=5.4"
    },
    "platform-dev": []
}
